// !$*UTF8*$!
{
	archiveVersion = 1;
	classes = {
	};
	objectVersion = 46;
	objects = {

/* Begin PBXBuildFile section */
		716EDBA21A37A788007F330B /* main.m in Sources */ = {isa = PBXBuildFile; fileRef = 716EDBA11A37A788007F330B /* main.m */; };
		716EDBA51A37A788007F330B /* AppDelegate.m in Sources */ = {isa = PBXBuildFile; fileRef = 716EDBA41A37A788007F330B /* AppDelegate.m */; };
		716EDBA81A37A788007F330B /* ViewController.m in Sources */ = {isa = PBXBuildFile; fileRef = 716EDBA71A37A788007F330B /* ViewController.m */; };
		716EDBAB1A37A788007F330B /* Main.storyboard in Resources */ = {isa = PBXBuildFile; fileRef = 716EDBA91A37A788007F330B /* Main.storyboard */; };
		716EDBAD1A37A788007F330B /* Images.xcassets in Resources */ = {isa = PBXBuildFile; fileRef = 716EDBAC1A37A788007F330B /* Images.xcassets */; };
		716EDBB01A37A788007F330B /* LaunchScreen.xib in Resources */ = {isa = PBXBuildFile; fileRef = 716EDBAE1A37A788007F330B /* LaunchScreen.xib */; };
		716EDBBC1A37A788007F330B /* SportCastTests.m in Sources */ = {isa = PBXBuildFile; fileRef = 716EDBBB1A37A788007F330B /* SportCastTests.m */; };
/* End PBXBuildFile section */

/* Begin PBXContainerItemProxy section */
		716EDBB61A37A788007F330B /* PBXContainerItemProxy */ = {
			isa = PBXContainerItemProxy;
			containerPortal = 716EDB941A37A788007F330B /* Project object */;
			proxyType = 1;
			remoteGlobalIDString = 716EDB9B1A37A788007F330B;
			remoteInfo = SportCast;
		};
/* End PBXContainerItemProxy section */

/* Begin PBXFileReference section */
		716EDB9C1A37A788007F330B /* SportCast.app */ = {isa = PBXFileReference; explicitFileType = wrapper.application; includeInIndex = 0; path = SportCast.app; sourceTree = BUILT_PRODUCTS_DIR; };
		716EDBA01A37A788007F330B /* Info.plist */ = {isa = PBXFileReference; lastKnownFileType = text.plist.xml; path = Info.plist; sourceTree = "<group>"; };
		716EDBA11A37A788007F330B /* main.m */ = {isa = PBXFileReference; lastKnownFileType = sourcecode.c.objc; path = main.m; sourceTree = "<group>"; };
		716EDBA31A37A788007F330B /* AppDelegate.h */ = {isa = PBXFileReference; lastKnownFileType = sourcecode.c.h; path = AppDelegate.h; sourceTree = "<group>"; };
		716EDBA41A37A788007F330B /* AppDelegate.m */ = {isa = PBXFileReference; lastKnownFileType = sourcecode.c.objc; path = AppDelegate.m; sourceTree = "<group>"; };
		716EDBA61A37A788007F330B /* ViewController.h */ = {isa = PBXFileReference; lastKnownFileType = sourcecode.c.h; path = ViewController.h; sourceTree = "<group>"; };
		716EDBA71A37A788007F330B /* ViewController.m */ = {isa = PBXFileReference; lastKnownFileType = sourcecode.c.objc; path = ViewController.m; sourceTree = "<group>"; };
		716EDBAA1A37A788007F330B /* Base */ = {isa = PBXFileReference; lastKnownFileType = file.storyboard; name = Base; path = Base.lproj/Main.storyboard; sourceTree = "<group>"; };
		716EDBAC1A37A788007F330B /* Images.xcassets */ = {isa = PBXFileReference; lastKnownFileType = folder.assetcatalog; path = Images.xcassets; sourceTree = "<group>"; };
		716EDBAF1A37A788007F330B /* Base */ = {isa = PBXFileReference; lastKnownFileType = file.xib; name = Base; path = Base.lproj/LaunchScreen.xib; sourceTree = "<group>"; };
		716EDBB51A37A788007F330B /* SportCastTests.xctest */ = {isa = PBXFileReference; explicitFileType = wrapper.cfbundle; includeInIndex = 0; path = SportCastTests.xctest; sourceTree = BUILT_PRODUCTS_DIR; };
		716EDBBA1A37A788007F330B /* Info.plist */ = {isa = PBXFileReference; lastKnownFileType = text.plist.xml; path = Info.plist; sourceTree = "<group>"; };
		716EDBBB1A37A788007F330B /* SportCastTests.m */ = {isa = PBXFileReference; lastKnownFileType = sourcecode.c.objc; path = SportCastTests.m; sourceTree = "<group>"; };
/* End PBXFileReference section */

/* Begin PBXFrameworksBuildPhase section */
		716EDB991A37A788007F330B /* Frameworks */ = {
			isa = PBXFrameworksBuildPhase;
			buildActionMask = 2147483647;
			files = (
			);
			runOnlyForDeploymentPostprocessing = 0;
		};
		716EDBB21A37A788007F330B /* Frameworks */ = {
			isa = PBXFrameworksBuildPhase;
			buildActionMask = 2147483647;
			files = (
			);
			runOnlyForDeploymentPostprocessing = 0;
		};
/* End PBXFrameworksBuildPhase section */

/* Begin PBXGroup section */
		716EDB931A37A788007F330B = {
			isa = PBXGroup;
			children = (
				716EDB9E1A37A788007F330B /* SportCast */,
				716EDBB81A37A788007F330B /* SportCastTests */,
				716EDB9D1A37A788007F330B /* Products */,
			);
			sourceTree = "<group>";
		};
		716EDB9D1A37A788007F330B /* Products */ = {
			isa = PBXGroup;
			children = (
				716EDB9C1A37A788007F330B /* SportCast.app */,
				716EDBB51A37A788007F330B /* SportCastTests.xctest */,
			);
			name = Products;
			sourceTree = "<group>";
		};
		716EDB9E1A37A788007F330B /* SportCast */ = {
			isa = PBXGroup;
			children = (
				716EDBA31A37A788007F330B /* AppDelegate.h */,
				716EDBA41A37A788007F330B /* AppDelegate.m */,
				716EDBA61A37A788007F330B /* ViewController.h */,
				716EDBA71A37A788007F330B /* ViewController.m */,
				716EDBA91A37A788007F330B /* Main.storyboard */,
				716EDBAC1A37A788007F330B /* Images.xcassets */,
				716EDBAE1A37A788007F330B /* LaunchScreen.xib */,
				716EDB9F1A37A788007F330B /* Supporting Files */,
			);
			path = SportCast;
			sourceTree = "<group>";
		};
		716EDB9F1A37A788007F330B /* Supporting Files */ = {
			isa = PBXGroup;
			children = (
				716EDBA01A37A788007F330B /* Info.plist */,
				716EDBA11A37A788007F330B /* main.m */,
			);
			name = "Supporting Files";
			sourceTree = "<group>";
		};
		716EDBB81A37A788007F330B /* SportCastTests */ = {
			isa = PBXGroup;
			children = (
				716EDBBB1A37A788007F330B /* SportCastTests.m */,
				716EDBB91A37A788007F330B /* Supporting Files */,
			);
			path = SportCastTests;
			sourceTree = "<group>";
		};
		716EDBB91A37A788007F330B /* Supporting Files */ = {
			isa = PBXGroup;
			children = (
				716EDBBA1A37A788007F330B /* Info.plist */,
			);
			name = "Supporting Files";
			sourceTree = "<group>";
		};
/* End PBXGroup section */

/* Begin PBXNativeTarget section */
		716EDB9B1A37A788007F330B /* SportCast */ = {
			isa = PBXNativeTarget;
			buildConfigurationList = 716EDBBF1A37A788007F330B /* Build configuration list for PBXNativeTarget "SportCast" */;
			buildPhases = (
				716EDB981A37A788007F330B /* Sources */,
				716EDB991A37A788007F330B /* Frameworks */,
				716EDB9A1A37A788007F330B /* Resources */,
			);
			buildRules = (
			);
			dependencies = (
			);
			name = SportCast;
			productName = SportCast;
			productReference = 716EDB9C1A37A788007F330B /* SportCast.app */;
			productType = "com.apple.product-type.application";
		};
		716EDBB41A37A788007F330B /* SportCastTests */ = {
			isa = PBXNativeTarget;
			buildConfigurationList = 716EDBC21A37A788007F330B /* Build configuration list for PBXNativeTarget "SportCastTests" */;
			buildPhases = (
				716EDBB11A37A788007F330B /* Sources */,
				716EDBB21A37A788007F330B /* Frameworks */,
				716EDBB31A37A788007F330B /* Resources */,
			);
			buildRules = (
			);
			dependencies = (
				716EDBB71A37A788007F330B /* PBXTargetDependency */,
			);
			name = SportCastTests;
			productName = SportCastTests;
			productReference = 716EDBB51A37A788007F330B /* SportCastTests.xctest */;
			productType = "com.apple.product-type.bundle.unit-test";
		};
/* End PBXNativeTarget section */

/* Begin PBXProject section */
		716EDB941A37A788007F330B /* Project object */ = {
			isa = PBXProject;
			attributes = {
				LastUpgradeCheck = 0610;
				ORGANIZATIONNAME = TWC;
				TargetAttributes = {
					716EDB9B1A37A788007F330B = {
						CreatedOnToolsVersion = 6.1;
					};
					716EDBB41A37A788007F330B = {
						CreatedOnToolsVersion = 6.1;
						TestTargetID = 716EDB9B1A37A788007F330B;
					};
				};
			};
			buildConfigurationList = 716EDB971A37A788007F330B /* Build configuration list for PBXProject "SportCast" */;
			compatibilityVersion = "Xcode 3.2";
			developmentRegion = English;
			hasScannedForEncodings = 0;
			knownRegions = (
				en,
				Base,
			);
			mainGroup = 716EDB931A37A788007F330B;
			productRefGroup = 716EDB9D1A37A788007F330B /* Products */;
			projectDirPath = "";
			projectRoot = "";
			targets = (
				716EDB9B1A37A788007F330B /* SportCast */,
				716EDBB41A37A788007F330B /* SportCastTests */,
			);
		};
/* End PBXProject section */

/* Begin PBXResourcesBuildPhase section */
		716EDB9A1A37A788007F330B /* Resources */ = {
			isa = PBXResourcesBuildPhase;
			buildActionMask = 2147483647;
			files = (
				716EDBAB1A37A788007F330B /* Main.storyboard in Resources */,
				716EDBB01A37A788007F330B /* LaunchScreen.xib in Resources */,
				716EDBAD1A37A788007F330B /* Images.xcassets in Resources */,
			);
			runOnlyForDeploymentPostprocessing = 0;
		};
		716EDBB31A37A788007F330B /* Resources */ = {
			isa = PBXResourcesBuildPhase;
			buildActionMask = 2147483647;
			files = (
			);
			runOnlyForDeploymentPostprocessing = 0;
		};
/* End PBXResourcesBuildPhase section */

/* Begin PBXSourcesBuildPhase section */
		716EDB981A37A788007F330B /* Sources */ = {
			isa = PBXSourcesBuildPhase;
			buildActionMask = 2147483647;
			files = (
				716EDBA81A37A788007F330B /* ViewController.m in Sources */,
				716EDBA51A37A788007F330B /* AppDelegate.m in Sources */,
				716EDBA21A37A788007F330B /* main.m in Sources */,
			);
			runOnlyForDeploymentPostprocessing = 0;
		};
		716EDBB11A37A788007F330B /* Sources */ = {
			isa = PBXSourcesBuildPhase;
			buildActionMask = 2147483647;
			files = (
				716EDBBC1A37A788007F330B /* SportCastTests.m in Sources */,
			);
			runOnlyForDeploymentPostprocessing = 0;
		};
/* End PBXSourcesBuildPhase section */

/* Begin PBXTargetDependency section */
		716EDBB71A37A788007F330B /* PBXTargetDependency */ = {
			isa = PBXTargetDependency;
			target = 716EDB9B1A37A788007F330B /* SportCast */;
			targetProxy = 716EDBB61A37A788007F330B /* PBXContainerItemProxy */;
		};
/* End PBXTargetDependency section */

/* Begin PBXVariantGroup section */
		716EDBA91A37A788007F330B /* Main.storyboard */ = {
			isa = PBXVariantGroup;
			children = (
				716EDBAA1A37A788007F330B /* Base */,
			);
			name = Main.storyboard;
			sourceTree = "<group>";
		};
		716EDBAE1A37A788007F330B /* LaunchScreen.xib */ = {
			isa = PBXVariantGroup;
			children = (
				716EDBAF1A37A788007F330B /* Base */,
			);
			name = LaunchScreen.xib;
			sourceTree = "<group>";
		};
/* End PBXVariantGroup section */

/* Begin XCBuildConfiguration section */
		716EDBBD1A37A788007F330B /* Debug */ = {
			isa = XCBuildConfiguration;
			buildSettings = {
				ALWAYS_SEARCH_USER_PATHS = NO;
				CLANG_CXX_LANGUAGE_STANDARD = "gnu++0x";
				CLANG_CXX_LIBRARY = "libc++";
				CLANG_ENABLE_MODULES = YES;
				CLANG_ENABLE_OBJC_ARC = YES;
				CLANG_WARN_BOOL_CONVERSION = YES;
				CLANG_WARN_CONSTANT_CONVERSION = YES;
				CLANG_WARN_DIRECT_OBJC_ISA_USAGE = YES_ERROR;
				CLANG_WARN_EMPTY_BODY = YES;
				CLANG_WARN_ENUM_CONVERSION = YES;
				CLANG_WARN_INT_CONVERSION = YES;
				CLANG_WARN_OBJC_ROOT_CLASS = YES_ERROR;
				CLANG_WARN_UNREACHABLE_CODE = YES;
				CLANG_WARN__DUPLICATE_METHOD_MATCH = YES;
				"CODE_SIGN_IDENTITY[sdk=iphoneos*]" = "iPhone Developer";
				COPY_PHASE_STRIP = NO;
				ENABLE_STRICT_OBJC_MSGSEND = YES;
				GCC_C_LANGUAGE_STANDARD = gnu99;
				GCC_DYNAMIC_NO_PIC = NO;
				GCC_OPTIMIZATION_LEVEL = 0;
				GCC_PREPROCESSOR_DEFINITIONS = (
					"DEBUG=1",
					"$(inherited)",
				);
				GCC_SYMBOLS_PRIVATE_EXTERN = NO;
				GCC_WARN_64_TO_32_BIT_CONVERSION = YES;
				GCC_WARN_ABOUT_RETURN_TYPE = YES_ERROR;
				GCC_WARN_UNDECLARED_SELECTOR = YES;
				GCC_WARN_UNINITIALIZED_AUTOS = YES_AGGRESSIVE;
				GCC_WARN_UNUSED_FUNCTION = YES;
				GCC_WARN_UNUSED_VARIABLE = YES;
				IPHONEOS_DEPLOYMENT_TARGET = 8.1;
				MTL_ENABLE_DEBUG_INFO = YES;
				ONLY_ACTIVE_ARCH = YES;
				SDKROOT = iphoneos;
			};
			name = Debug;
		};
		716EDBBE1A37A788007F330B /* Release */ = {
			isa = XCBuildConfiguration;
			buildSettings = {
				ALWAYS_SEARCH_USER_PATHS = NO;
				CLANG_CXX_LANGUAGE_STANDARD = "gnu++0x";
				CLANG_CXX_LIBRARY = "libc++";
				CLANG_ENABLE_MODULES = YES;
				CLANG_ENABLE_OBJC_ARC = YES;
				CLANG_WARN_BOOL_CONVERSION = YES;
				CLANG_WARN_CONSTANT_CONVERSION = YES;
				CLANG_WARN_DIRECT_OBJC_ISA_USAGE = YES_ERROR;
				CLANG_WARN_EMPTY_BODY = YES;
				CLANG_WARN_ENUM_CONVERSION = YES;
				CLANG_WARN_INT_CONVERSION = YES;
				CLANG_WARN_OBJC_ROOT_CLASS = YES_ERROR;
				CLANG_WARN_UNREACHABLE_CODE = YES;
				CLANG_WARN__DUPLICATE_METHOD_MATCH = YES;
				"CODE_SIGN_IDENTITY[sdk=iphoneos*]" = "iPhone Developer";
				COPY_PHASE_STRIP = YES;
				ENABLE_NS_ASSERTIONS = NO;
				ENABLE_STRICT_OBJC_MSGSEND = YES;
				GCC_C_LANGUAGE_STANDARD = gnu99;
				GCC_WARN_64_TO_32_BIT_CONVERSION = YES;
				GCC_WARN_ABOUT_RETURN_TYPE = YES_ERROR;
				GCC_WARN_UNDECLARED_SELECTOR = YES;
				GCC_WARN_UNINITIALIZED_AUTOS = YES_AGGRESSIVE;
				GCC_WARN_UNUSED_FUNCTION = YES;
				GCC_WARN_UNUSED_VARIABLE = YES;
				IPHONEOS_DEPLOYMENT_TARGET = 8.1;
				MTL_ENABLE_DEBUG_INFO = NO;
				SDKROOT = iphoneos;
				VALIDATE_PRODUCT = YES;
			};
			name = Release;
		};
		716EDBC01A37A788007F330B /* Debug */ = {
			isa = XCBuildConfiguration;
			buildSettings = {
				ASSETCATALOG_COMPILER_APPICON_NAME = AppIcon;
				INFOPLIST_FILE = SportCast/Info.plist;
				LD_RUNPATH_SEARCH_PATHS = "$(inherited) @executable_path/Frameworks";
				PRODUCT_NAME = "$(TARGET_NAME)";
			};
			name = Debug;
		};
		716EDBC11A37A788007F330B /* Release */ = {
			isa = XCBuildConfiguration;
			buildSettings = {
				ASSETCATALOG_COMPILER_APPICON_NAME = AppIcon;
				INFOPLIST_FILE = SportCast/Info.plist;
				LD_RUNPATH_SEARCH_PATHS = "$(inherited) @executable_path/Frameworks";
				PRODUCT_NAME = "$(TARGET_NAME)";
			};
			name = Release;
		};
		716EDBC31A37A788007F330B /* Debug */ = {
			isa = XCBuildConfiguration;
			buildSettings = {
				BUNDLE_LOADER = "$(TEST_HOST)";
				FRAMEWORK_SEARCH_PATHS = (
					"$(SDKROOT)/Developer/Library/Frameworks",
					"$(inherited)",
				);
				GCC_PREPROCESSOR_DEFINITIONS = (
					"DEBUG=1",
					"$(inherited)",
				);
				INFOPLIST_FILE = SportCastTests/Info.plist;
				LD_RUNPATH_SEARCH_PATHS = "$(inherited) @executable_path/Frameworks @loader_path/Frameworks";
				PRODUCT_NAME = "$(TARGET_NAME)";
				TEST_HOST = "$(BUILT_PRODUCTS_DIR)/SportCast.app/SportCast";
			};
			name = Debug;
		};
		716EDBC41A37A788007F330B /* Release */ = {
			isa = XCBuildConfiguration;
			buildSettings = {
				BUNDLE_LOADER = "$(TEST_HOST)";
				FRAMEWORK_SEARCH_PATHS = (
					"$(SDKROOT)/Developer/Library/Frameworks",
					"$(inherited)",
				);
				INFOPLIST_FILE = SportCastTests/Info.plist;
				LD_RUNPATH_SEARCH_PATHS = "$(inherited) @executable_path/Frameworks @loader_path/Frameworks";
				PRODUCT_NAME = "$(TARGET_NAME)";
				TEST_HOST = "$(BUILT_PRODUCTS_DIR)/SportCast.app/SportCast";
			};
			name = Release;
		};
/* End XCBuildConfiguration section */

/* Begin XCConfigurationList section */
		716EDB971A37A788007F330B /* Build configuration list for PBXProject "SportCast" */ = {
			isa = XCConfigurationList;
			buildConfigurations = (
				716EDBBD1A37A788007F330B /* Debug */,
				716EDBBE1A37A788007F330B /* Release */,
			);
			defaultConfigurationIsVisible = 0;
			defaultConfigurationName = Release;
		};
		716EDBBF1A37A788007F330B /* Build configuration list for PBXNativeTarget "SportCast" */ = {
			isa = XCConfigurationList;
			buildConfigurations = (
				716EDBC01A37A788007F330B /* Debug */,
				716EDBC11A37A788007F330B /* Release */,
			);
			defaultConfigurationIsVisible = 0;
		};
		716EDBC21A37A788007F330B /* Build configuration list for PBXNativeTarget "SportCastTests" */ = {
			isa = XCConfigurationList;
			buildConfigurations = (
				716EDBC31A37A788007F330B /* Debug */,
				716EDBC41A37A788007F330B /* Release */,
			);
			defaultConfigurationIsVisible = 0;
		};
/* End XCConfigurationList section */
	};
	rootObject = 716EDB941A37A788007F330B /* Project object */;
}
